
Microsoft Visual Studio Solution File, Format Version 9.00
# Visual Studio 2005
Project("{8BC9CEB8-8B4A-11D0-8D11-00A0C91BC942}") = "mySegment", "mySegment\mySegment.vcproj", "{0486CB6C-76B9-4254-BEB5-9C41ECD2262D}"
EndProject
Global
	GlobalSection(SolutionConfigurationPlatforms) = preSolution
		Debug|Win32 = Debug|Win32
		Release|Win32 = Release|Win32
	EndGlobalSection
	GlobalSection(ProjectConfigurationPlatforms) = postSolution
		{0486CB6C-76B9-4254-BEB5-9C41ECD2262D}.Debug|Win32.ActiveCfg = Debug|Win32
		{0486CB6C-76B9-4254-BEB5-9C41ECD2262D}.Debug|Win32.Build.0 = Debug|Win32
		{0486CB6C-76B9-4254-BEB5-9C41ECD2262D}.Release|Win32.ActiveCfg = Release|Win32
		{0486CB6C-76B9-4254-BEB5-9C41ECD2262D}.Release|Win32.Build.0 = Release|Win32
	EndGlobalSection
	GlobalSection(SolutionProperties) = preSolution
		HideSolutionNode = FALSE
	EndGlobalSection
EndGlobal
